<?xml version="1.0" encoding="utf-8"?>
<Project xmlns="http://schemas.microsoft.com/developer/msbuild/2003">
  <ItemGroup>
    <Filter Include="Form Files">
      <UniqueIdentifier>{99349809-55BA-4b9d-BF79-8FDBB0286EB3}</UniqueIdentifier>
      <Extensions>ui</Extensions>
      <ParseFiles>false</ParseFiles>
    </Filter>
    <Filter Include="Form Files">
      <UniqueIdentifier>{99349809-55BA-4b9d-BF79-8FDBB0286EB3}</UniqueIdentifier>
      <Extensions>ui</Extensions>
      <ParseFiles>false</ParseFiles>
    </Filter>
    <Filter Include="Generated Files">
      <UniqueIdentifier>{71ED8ED8-ACB9-4CE9-BBE1-E00B30144E11}</UniqueIdentifier>
      <Extensions>cpp;c;cxx;moc;h;def;odl;idl;res;</Extensions>
    </Filter>
    <Filter Include="Generated Files">
      <UniqueIdentifier>{71ED8ED8-ACB9-4CE9-BBE1-E00B30144E11}</UniqueIdentifier>
      <Extensions>cpp;c;cxx;moc;h;def;odl;idl;res;</Extensions>
    </Filter>
    <Filter Include="Header Files">
      <UniqueIdentifier>{93995380-89BD-4b04-88EB-625FBE52EBFB}</UniqueIdentifier>
      <Extensions>h;hpp;hxx;hm;inl;inc;xsd</Extensions>
    </Filter>
    <Filter Include="Header Files">
      <UniqueIdentifier>{93995380-89BD-4b04-88EB-625FBE52EBFB}</UniqueIdentifier>
      <Extensions>h;hpp;hxx;hm;inl;inc;xsd</Extensions>
    </Filter>
    <Filter Include="Resource Files">
      <UniqueIdentifier>{D9D6E242-F8AF-46E4-B9FD-80ECBC20BA3E}</UniqueIdentifier>
      <Extensions>qrc;*</Extensions>
      <ParseFiles>false</ParseFiles>
    </Filter>
    <Filter Include="Resource Files">
      <UniqueIdentifier>{D9D6E242-F8AF-46E4-B9FD-80ECBC20BA3E}</UniqueIdentifier>
      <Extensions>qrc;*</Extensions>
      <ParseFiles>false</ParseFiles>
    </Filter>
    <Filter Include="Source Files">
      <UniqueIdentifier>{4FC737F1-C7A5-4376-A066-2A32D752A2FF}</UniqueIdentifier>
      <Extensions>cpp;c;cxx;def;odl;idl;hpj;bat;asm;asmx</Extensions>
    </Filter>
    <Filter Include="Source Files">
      <UniqueIdentifier>{4FC737F1-C7A5-4376-A066-2A32D752A2FF}</UniqueIdentifier>
      <Extensions>cpp;c;cxx;def;odl;idl;hpj;bat;asm;asmx</Extensions>
    </Filter>
  </ItemGroup>
  <ItemGroup>
    <ClCompile Include="audiomanager.cpp">
      <Filter>Source Files</Filter>
    </ClCompile>
    <ClCompile Include="gamewidget.cpp">
      <Filter>Source Files</Filter>
    </ClCompile>
    <ClCompile Include="main.cpp">
      <Filter>Source Files</Filter>
    </ClCompile>
    <ClCompile Include="mainwindow.cpp">
      <Filter>Source Files</Filter>
    </ClCompile>
    <ClCompile Include="menuwidget.cpp">
      <Filter>Source Files</Filter>
    </ClCompile>
    <ClCompile Include="optionswidget.cpp">
      <Filter>Source Files</Filter>
    </ClCompile>
    <ClCompile Include="pausewidget.cpp">
      <Filter>Source Files</Filter>
    </ClCompile>
    <ClCompile Include="player.cpp">
      <Filter>Source Files</Filter>
    </ClCompile>
    <ClCompile Include="powertrain.cpp">
      <Filter>Source Files</Filter>
    </ClCompile>
    <ClCompile Include="powertrainaudiocontroller.cpp">
      <Filter>Source Files</Filter>
    </ClCompile>
    <ClCompile Include="racemanager.cpp">
      <Filter>Source Files</Filter>
    </ClCompile>
    <ClCompile Include="serialcontroller.cpp">
      <Filter>Source Files</Filter>
    </ClCompile>
    <ClCompile Include="spritemanager.cpp">
      <Filter>Source Files</Filter>
    </ClCompile>
    <ClCompile Include="startwidget.cpp">
      <Filter>Source Files</Filter>
    </ClCompile>
    <ClCompile Include="terrain.cpp">
      <Filter>Source Files</Filter>
    </ClCompile>
    <ClCompile Include="virtualshifter.cpp">
      <Filter>Source Files</Filter>
    </ClCompile>
  </ItemGroup>
  <ItemGroup>
    <QtMoc Include="audiomanager.h">
      <Filter>Header Files</Filter>
    </QtMoc>
    <QtMoc Include="gamewidget.h">
      <Filter>Header Files</Filter>
    </QtMoc>
    <ClInclude Include="line.h">
      <Filter>Header Files</Filter>
    </ClInclude>
    <QtMoc Include="mainwindow.h">
      <Filter>Header Files</Filter>
    </QtMoc>
    <QtMoc Include="menuwidget.h">
      <Filter>Header Files</Filter>
    </QtMoc>
    <ClInclude Include="obstacle.h">
      <Filter>Header Files</Filter>
    </ClInclude>
    <QtMoc Include="optionswidget.h">
      <Filter>Header Files</Filter>
    </QtMoc>
    <QtMoc Include="pausewidget.h">
      <Filter>Header Files</Filter>
    </QtMoc>
    <ClInclude Include="player.h">
      <Filter>Header Files</Filter>
    </ClInclude>
    <ClInclude Include="powertrain.h">
      <Filter>Header Files</Filter>
    </ClInclude>
    <ClInclude Include="powertrainaudiocontroller.h">
      <Filter>Header Files</Filter>
    </ClInclude>
    <QtMoc Include="racemanager.h">
      <Filter>Header Files</Filter>
    </QtMoc>
    <QtMoc Include="serialcontroller.h">
      <Filter>Header Files</Filter>
    </QtMoc>
    <ClInclude Include="spritemanager.h">
      <Filter>Header Files</Filter>
    </ClInclude>
    <QtMoc Include="startwidget.h">
      <Filter>Header Files</Filter>
    </QtMoc>
    <ClInclude Include="terrain.h">
      <Filter>Header Files</Filter>
    </ClInclude>
    <ClInclude Include="virtualshifter.h">
      <Filter>Header Files</Filter>
    </ClInclude>
  </ItemGroup>
  <ItemGroup />
  <ItemGroup>
    <QtUic Include="mainwindow.ui">
      <Filter>Form Files</Filter>
    </QtUic>
  </ItemGroup>
  <ItemGroup>
    <None Include="audio\BAC_Mono_offhigh.wav">
      <Filter>Resource Files</Filter>
    </None>
    <None Include="audio\BAC_Mono_offlow.wav">
      <Filter>Resource Files</Filter>
    </None>
    <None Include="audio\BAC_Mono_offmid.wav">
      <Filter>Resource Files</Filter>
    </None>
    <None Include="audio\BAC_Mono_offveryhigh.wav">
      <Filter>Resource Files</Filter>
    </None>
    <None Include="audio\BAC_Mono_onhigh.wav">
      <Filter>Resource Files</Filter>
    </None>
    <None Include="audio\BAC_Mono_onlow.wav">
      <Filter>Resource Files</Filter>
    </None>
    <None Include="audio\BAC_Mono_onmid.wav">
      <Filter>Resource Files</Filter>
    </None>
    <None Include="audio\REV.wav">
      <Filter>Resource Files</Filter>
    </None>
    <None Include="arbre.png">
      <Filter>Resource Files</Filter>
    </None>
    <None Include="background.png">
      <Filter>Resource Files</Filter>
    </None>
    <None Include="buche.png">
      <Filter>Resource Files</Filter>
    </None>
    <None Include="audio\explosion_base.wav">
      <Filter>Resource Files</Filter>
    </None>
    <None Include="audio\explosion_cable_break.wav">
      <Filter>Resource Files</Filter>
    </None>
    <None Include="habitacle.png">
      <Filter>Resource Files</Filter>
    </None>
    <None Include="habitacleCrashed.png">
      <Filter>Resource Files</Filter>
    </None>
    <None Include="audio\limiter.wav">
      <Filter>Resource Files</Filter>
    </None>
    <None Include="penguin.png">
      <Filter>Resource Files</Filter>
    </None>
    <None Include="pole.png">
      <Filter>Resource Files</Filter>
    </None>
    <QtRcc Include="resources.qrc">
      <Filter>Resource Files</Filter>
    </QtRcc>
    <None Include="roche.png">
      <Filter>Resource Files</Filter>
    </None>
    <None Include="audio\trany_power_high.wav">
      <Filter>Resource Files</Filter>
    </None>
    <None Include="audio\tw_offhigh_4.wav">
      <Filter>Resource Files</Filter>
    </None>
    <None Include="audio\tw_offlow_4.wav">
      <Filter>Resource Files</Filter>
    </None>
    <None Include="audio\tw_offlowmid_4.wav">
      <Filter>Resource Files</Filter>
    </None>
    <None Include="audio\tw_offverylow_4.wav">
      <Filter>Resource Files</Filter>
    </None>
  </ItemGroup>
</Project>